lockfileVersion: '9.0'

settings:
  autoInstallPeers: true
  excludeLinksFromLockfile: false

importers:

  .:
    dependencies:
      '@aws-sdk/s3-request-presigner':
        specifier: ^3.797.0
        version: 3.803.0
      '@aws-sdk/util-format-url':
        specifier: ^3.775.0
        version: 3.775.0
      '@smithy/hash-node':
        specifier: ^4.0.2
        version: 4.0.2
      '@smithy/protocol-http':
        specifier: ^5.1.0
        version: 5.1.0
      '@smithy/url-parser':
        specifier: ^4.0.2
        version: 4.0.2
      jose:
        specifier: ^6.0.10
        version: 6.0.11
    devDependencies:
      '@biomejs/biome':
        specifier: ^1.9.4
        version: 1.9.4
      '@types/aws-lambda':
        specifier: ^8.10.149
        version: 8.10.149
      '@types/node':
        specifier: ^22.15.12
        version: 22.15.12
      aws-cdk-lib:
        specifier: ^2.194.0
        version: 2.194.0(constructs@10.4.2)
      constructs:
        specifier: ^10.4.2
        version: 10.4.2
      esbuild:
        specifier: ^0.25.4
        version: 0.25.4
      tsx:
        specifier: ^4.19.4
        version: 4.19.4

packages:

  '@aws-cdk/asset-awscli-v1@2.2.235':
    resolution: {integrity: sha512-CpM9ids39j27Rt25iHP4sX619xb0OW6f8VS4XJbyI27XnQElmoMwtWw1IOAwDhWQEO2OuJwAu5pXfrLTfNaDEg==}

  '@aws-cdk/asset-node-proxy-agent-v6@2.1.0':
    resolution: {integrity: sha512-7bY3J8GCVxLupn/kNmpPc5VJz8grx+4RKfnnJiO1LG+uxkZfANZG3RMHhE+qQxxwkyQ9/MfPtTpf748UhR425A==}

  '@aws-cdk/cloud-assembly-schema@41.2.0':
    resolution: {integrity: sha512-JaulVS6z9y5+u4jNmoWbHZRs9uGOnmn/ktXygNWKNu1k6lF3ad4so3s18eRu15XCbUIomxN9WPYT6Ehh7hzONw==}
    engines: {node: '>= 14.15.0'}
    bundledDependencies:
      - jsonschema
      - semver

  '@aws-sdk/core@3.799.0':
    resolution: {integrity: sha512-hkKF3Zpc6+H8GI1rlttYVRh9uEE77cqAzLmLpY3iu7sql8cZgPERRBfaFct8p1SaDyrksLNiboD1vKW58mbsYg==}
    engines: {node: '>=18.0.0'}

  '@aws-sdk/middleware-sdk-s3@3.799.0':
    resolution: {integrity: sha512-Zwdge5NArgcJwPuGZwgfXY6XXkWEBmMS9dqu5g3DcfHmZUuSjQUqmOsDdSZlE3RFHrDAEbuGQlrFUE8zuwdKQA==}
    engines: {node: '>=18.0.0'}

  '@aws-sdk/s3-request-presigner@3.803.0':
    resolution: {integrity: sha512-DsLkGqV3FrnZxTS8Z5ZvmiiTjR/zD/V4piNG1EL5uG3tLEtIDjeTQOEnA8fdQaGl0m/SI6TDW/L3J3BIFfg34g==}
    engines: {node: '>=18.0.0'}

  '@aws-sdk/signature-v4-multi-region@3.803.0':
    resolution: {integrity: sha512-9ZyjR68r5N6meBUSLwus7W+1ojYllD67WrrY8JOMQkiQLMoLty6VzlbFgQtRYaJxJx1IzNWvrdU+SgXRm+L5oQ==}
    engines: {node: '>=18.0.0'}

  '@aws-sdk/types@3.775.0':
    resolution: {integrity: sha512-ZoGKwa4C9fC9Av6bdfqcW6Ix5ot05F/S4VxWR2nHuMv7hzfmAjTOcUiWT7UR4hM/U0whf84VhDtXN/DWAk52KA==}
    engines: {node: '>=18.0.0'}

  '@aws-sdk/util-arn-parser@3.723.0':
    resolution: {integrity: sha512-ZhEfvUwNliOQROcAk34WJWVYTlTa4694kSVhDSjW6lE1bMataPnIN8A0ycukEzBXmd8ZSoBcQLn6lKGl7XIJ5w==}
    engines: {node: '>=18.0.0'}

  '@aws-sdk/util-format-url@3.775.0':
    resolution: {integrity: sha512-Nw4nBeyCbWixoGh8NcVpa/i8McMA6RXJIjQFyloJLaPr7CPquz7ZbSl0MUWMFVwP/VHaJ7B+lNN3Qz1iFCEP/Q==}
    engines: {node: '>=18.0.0'}

  '@biomejs/biome@1.9.4':
    resolution: {integrity: sha512-1rkd7G70+o9KkTn5KLmDYXihGoTaIGO9PIIN2ZB7UJxFrWw04CZHPYiMRjYsaDvVV7hP1dYNRLxSANLaBFGpog==}
    engines: {node: '>=14.21.3'}
    hasBin: true

  '@biomejs/cli-darwin-arm64@1.9.4':
    resolution: {integrity: sha512-bFBsPWrNvkdKrNCYeAp+xo2HecOGPAy9WyNyB/jKnnedgzl4W4Hb9ZMzYNbf8dMCGmUdSavlYHiR01QaYR58cw==}
    engines: {node: '>=14.21.3'}
    cpu: [arm64]
    os: [darwin]

  '@biomejs/cli-darwin-x64@1.9.4':
    resolution: {integrity: sha512-ngYBh/+bEedqkSevPVhLP4QfVPCpb+4BBe2p7Xs32dBgs7rh9nY2AIYUL6BgLw1JVXV8GlpKmb/hNiuIxfPfZg==}
    engines: {node: '>=14.21.3'}
    cpu: [x64]
    os: [darwin]

  '@biomejs/cli-linux-arm64-musl@1.9.4':
    resolution: {integrity: sha512-v665Ct9WCRjGa8+kTr0CzApU0+XXtRgwmzIf1SeKSGAv+2scAlW6JR5PMFo6FzqqZ64Po79cKODKf3/AAmECqA==}
    engines: {node: '>=14.21.3'}
    cpu: [arm64]
    os: [linux]

  '@biomejs/cli-linux-arm64@1.9.4':
    resolution: {integrity: sha512-fJIW0+LYujdjUgJJuwesP4EjIBl/N/TcOX3IvIHJQNsAqvV2CHIogsmA94BPG6jZATS4Hi+xv4SkBBQSt1N4/g==}
    engines: {node: '>=14.21.3'}
    cpu: [arm64]
    os: [linux]

  '@biomejs/cli-linux-x64-musl@1.9.4':
    resolution: {integrity: sha512-gEhi/jSBhZ2m6wjV530Yy8+fNqG8PAinM3oV7CyO+6c3CEh16Eizm21uHVsyVBEB6RIM8JHIl6AGYCv6Q6Q9Tg==}
    engines: {node: '>=14.21.3'}
    cpu: [x64]
    os: [linux]

  '@biomejs/cli-linux-x64@1.9.4':
    resolution: {integrity: sha512-lRCJv/Vi3Vlwmbd6K+oQ0KhLHMAysN8lXoCI7XeHlxaajk06u7G+UsFSO01NAs5iYuWKmVZjmiOzJ0OJmGsMwg==}
    engines: {node: '>=14.21.3'}
    cpu: [x64]
    os: [linux]

  '@biomejs/cli-win32-arm64@1.9.4':
    resolution: {integrity: sha512-tlbhLk+WXZmgwoIKwHIHEBZUwxml7bRJgk0X2sPyNR3S93cdRq6XulAZRQJ17FYGGzWne0fgrXBKpl7l4M87Hg==}
    engines: {node: '>=14.21.3'}
    cpu: [arm64]
    os: [win32]

  '@biomejs/cli-win32-x64@1.9.4':
    resolution: {integrity: sha512-8Y5wMhVIPaWe6jw2H+KlEm4wP/f7EW3810ZLmDlrEEy5KvBsb9ECEfu/kMWD484ijfQ8+nIi0giMgu9g1UAuuA==}
    engines: {node: '>=14.21.3'}
    cpu: [x64]
    os: [win32]

  '@esbuild/aix-ppc64@0.25.4':
    resolution: {integrity: sha512-1VCICWypeQKhVbE9oW/sJaAmjLxhVqacdkvPLEjwlttjfwENRSClS8EjBz0KzRyFSCPDIkuXW34Je/vk7zdB7Q==}
    engines: {node: '>=18'}
    cpu: [ppc64]
    os: [aix]

  '@esbuild/android-arm64@0.25.4':
    resolution: {integrity: sha512-bBy69pgfhMGtCnwpC/x5QhfxAz/cBgQ9enbtwjf6V9lnPI/hMyT9iWpR1arm0l3kttTr4L0KSLpKmLp/ilKS9A==}
    engines: {node: '>=18'}
    cpu: [arm64]
    os: [android]

  '@esbuild/android-arm@0.25.4':
    resolution: {integrity: sha512-QNdQEps7DfFwE3hXiU4BZeOV68HHzYwGd0Nthhd3uCkkEKK7/R6MTgM0P7H7FAs5pU/DIWsviMmEGxEoxIZ+ZQ==}
    engines: {node: '>=18'}
    cpu: [arm]
    os: [android]

  '@esbuild/android-x64@0.25.4':
    resolution: {integrity: sha512-TVhdVtQIFuVpIIR282btcGC2oGQoSfZfmBdTip2anCaVYcqWlZXGcdcKIUklfX2wj0JklNYgz39OBqh2cqXvcQ==}
    engines: {node: '>=18'}
    cpu: [x64]
    os: [android]

  '@esbuild/darwin-arm64@0.25.4':
    resolution: {integrity: sha512-Y1giCfM4nlHDWEfSckMzeWNdQS31BQGs9/rouw6Ub91tkK79aIMTH3q9xHvzH8d0wDru5Ci0kWB8b3up/nl16g==}
    engines: {node: '>=18'}
    cpu: [arm64]
    os: [darwin]

  '@esbuild/darwin-x64@0.25.4':
    resolution: {integrity: sha512-CJsry8ZGM5VFVeyUYB3cdKpd/H69PYez4eJh1W/t38vzutdjEjtP7hB6eLKBoOdxcAlCtEYHzQ/PJ/oU9I4u0A==}
    engines: {node: '>=18'}
    cpu: [x64]
    os: [darwin]

  '@esbuild/freebsd-arm64@0.25.4':
    resolution: {integrity: sha512-yYq+39NlTRzU2XmoPW4l5Ifpl9fqSk0nAJYM/V/WUGPEFfek1epLHJIkTQM6bBs1swApjO5nWgvr843g6TjxuQ==}
    engines: {node: '>=18'}
    cpu: [arm64]
    os: [freebsd]

  '@esbuild/freebsd-x64@0.25.4':
    resolution: {integrity: sha512-0FgvOJ6UUMflsHSPLzdfDnnBBVoCDtBTVyn/MrWloUNvq/5SFmh13l3dvgRPkDihRxb77Y17MbqbCAa2strMQQ==}
    engines: {node: '>=18'}
    cpu: [x64]
    os: [freebsd]

  '@esbuild/linux-arm64@0.25.4':
    resolution: {integrity: sha512-+89UsQTfXdmjIvZS6nUnOOLoXnkUTB9hR5QAeLrQdzOSWZvNSAXAtcRDHWtqAUtAmv7ZM1WPOOeSxDzzzMogiQ==}
    engines: {node: '>=18'}
    cpu: [arm64]
    os: [linux]

  '@esbuild/linux-arm@0.25.4':
    resolution: {integrity: sha512-kro4c0P85GMfFYqW4TWOpvmF8rFShbWGnrLqlzp4X1TNWjRY3JMYUfDCtOxPKOIY8B0WC8HN51hGP4I4hz4AaQ==}
    engines: {node: '>=18'}
    cpu: [arm]
    os: [linux]

  '@esbuild/linux-ia32@0.25.4':
    resolution: {integrity: sha512-yTEjoapy8UP3rv8dB0ip3AfMpRbyhSN3+hY8mo/i4QXFeDxmiYbEKp3ZRjBKcOP862Ua4b1PDfwlvbuwY7hIGQ==}
    engines: {node: '>=18'}
    cpu: [ia32]
    os: [linux]

  '@esbuild/linux-loong64@0.25.4':
    resolution: {integrity: sha512-NeqqYkrcGzFwi6CGRGNMOjWGGSYOpqwCjS9fvaUlX5s3zwOtn1qwg1s2iE2svBe4Q/YOG1q6875lcAoQK/F4VA==}
    engines: {node: '>=18'}
    cpu: [loong64]
    os: [linux]

  '@esbuild/linux-mips64el@0.25.4':
    resolution: {integrity: sha512-IcvTlF9dtLrfL/M8WgNI/qJYBENP3ekgsHbYUIzEzq5XJzzVEV/fXY9WFPfEEXmu3ck2qJP8LG/p3Q8f7Zc2Xg==}
    engines: {node: '>=18'}
    cpu: [mips64el]
    os: [linux]

  '@esbuild/linux-ppc64@0.25.4':
    resolution: {integrity: sha512-HOy0aLTJTVtoTeGZh4HSXaO6M95qu4k5lJcH4gxv56iaycfz1S8GO/5Jh6X4Y1YiI0h7cRyLi+HixMR+88swag==}
    engines: {node: '>=18'}
    cpu: [ppc64]
    os: [linux]

  '@esbuild/linux-riscv64@0.25.4':
    resolution: {integrity: sha512-i8JUDAufpz9jOzo4yIShCTcXzS07vEgWzyX3NH2G7LEFVgrLEhjwL3ajFE4fZI3I4ZgiM7JH3GQ7ReObROvSUA==}
    engines: {node: '>=18'}
    cpu: [riscv64]
    os: [linux]

  '@esbuild/linux-s390x@0.25.4':
    resolution: {integrity: sha512-jFnu+6UbLlzIjPQpWCNh5QtrcNfMLjgIavnwPQAfoGx4q17ocOU9MsQ2QVvFxwQoWpZT8DvTLooTvmOQXkO51g==}
    engines: {node: '>=18'}
    cpu: [s390x]
    os: [linux]

  '@esbuild/linux-x64@0.25.4':
    resolution: {integrity: sha512-6e0cvXwzOnVWJHq+mskP8DNSrKBr1bULBvnFLpc1KY+d+irZSgZ02TGse5FsafKS5jg2e4pbvK6TPXaF/A6+CA==}
    engines: {node: '>=18'}
    cpu: [x64]
    os: [linux]

  '@esbuild/netbsd-arm64@0.25.4':
    resolution: {integrity: sha512-vUnkBYxZW4hL/ie91hSqaSNjulOnYXE1VSLusnvHg2u3jewJBz3YzB9+oCw8DABeVqZGg94t9tyZFoHma8gWZQ==}
    engines: {node: '>=18'}
    cpu: [arm64]
    os: [netbsd]

  '@esbuild/netbsd-x64@0.25.4':
    resolution: {integrity: sha512-XAg8pIQn5CzhOB8odIcAm42QsOfa98SBeKUdo4xa8OvX8LbMZqEtgeWE9P/Wxt7MlG2QqvjGths+nq48TrUiKw==}
    engines: {node: '>=18'}
    cpu: [x64]
    os: [netbsd]

  '@esbuild/openbsd-arm64@0.25.4':
    resolution: {integrity: sha512-Ct2WcFEANlFDtp1nVAXSNBPDxyU+j7+tId//iHXU2f/lN5AmO4zLyhDcpR5Cz1r08mVxzt3Jpyt4PmXQ1O6+7A==}
    engines: {node: '>=18'}
    cpu: [arm64]
    os: [openbsd]

  '@esbuild/openbsd-x64@0.25.4':
    resolution: {integrity: sha512-xAGGhyOQ9Otm1Xu8NT1ifGLnA6M3sJxZ6ixylb+vIUVzvvd6GOALpwQrYrtlPouMqd/vSbgehz6HaVk4+7Afhw==}
    engines: {node: '>=18'}
    cpu: [x64]
    os: [openbsd]

  '@esbuild/sunos-x64@0.25.4':
    resolution: {integrity: sha512-Mw+tzy4pp6wZEK0+Lwr76pWLjrtjmJyUB23tHKqEDP74R3q95luY/bXqXZeYl4NYlvwOqoRKlInQialgCKy67Q==}
    engines: {node: '>=18'}
    cpu: [x64]
    os: [sunos]

  '@esbuild/win32-arm64@0.25.4':
    resolution: {integrity: sha512-AVUP428VQTSddguz9dO9ngb+E5aScyg7nOeJDrF1HPYu555gmza3bDGMPhmVXL8svDSoqPCsCPjb265yG/kLKQ==}
    engines: {node: '>=18'}
    cpu: [arm64]
    os: [win32]

  '@esbuild/win32-ia32@0.25.4':
    resolution: {integrity: sha512-i1sW+1i+oWvQzSgfRcxxG2k4I9n3O9NRqy8U+uugaT2Dy7kLO9Y7wI72haOahxceMX8hZAzgGou1FhndRldxRg==}
    engines: {node: '>=18'}
    cpu: [ia32]
    os: [win32]

  '@esbuild/win32-x64@0.25.4':
    resolution: {integrity: sha512-nOT2vZNw6hJ+z43oP1SPea/G/6AbN6X+bGNhNuq8NtRHy4wsMhw765IKLNmnjek7GvjWBYQ8Q5VBoYTFg9y1UQ==}
    engines: {node: '>=18'}
    cpu: [x64]
    os: [win32]

  '@smithy/abort-controller@4.0.2':
    resolution: {integrity: sha512-Sl/78VDtgqKxN2+1qduaVE140XF+Xg+TafkncspwM4jFP/LHr76ZHmIY/y3V1M0mMLNk+Je6IGbzxy23RSToMw==}
    engines: {node: '>=18.0.0'}

  '@smithy/core@3.3.1':
    resolution: {integrity: sha512-W7AppgQD3fP1aBmo8wWo0id5zeR2/aYRy067vZsDVaa6v/mdhkg6DxXwEVuSPjZl+ZnvWAQbUMCd5ckw38+tHQ==}
    engines: {node: '>=18.0.0'}

  '@smithy/fetch-http-handler@5.0.2':
    resolution: {integrity: sha512-+9Dz8sakS9pe7f2cBocpJXdeVjMopUDLgZs1yWeu7h++WqSbjUYv/JAJwKwXw1HV6gq1jyWjxuyn24E2GhoEcQ==}
    engines: {node: '>=18.0.0'}

  '@smithy/hash-node@4.0.2':
    resolution: {integrity: sha512-VnTpYPnRUE7yVhWozFdlxcYknv9UN7CeOqSrMH+V877v4oqtVYuoqhIhtSjmGPvYrYnAkaM61sLMKHvxL138yg==}
    engines: {node: '>=18.0.0'}

  '@smithy/is-array-buffer@4.0.0':
    resolution: {integrity: sha512-saYhF8ZZNoJDTvJBEWgeBccCg+yvp1CX+ed12yORU3NilJScfc6gfch2oVb4QgxZrGUx3/ZJlb+c/dJbyupxlw==}
    engines: {node: '>=18.0.0'}

  '@smithy/middleware-endpoint@4.1.2':
    resolution: {integrity: sha512-EqOy3xaEGQpsKxLlzYstDRJ8eY90CbyBP4cl+w7r45mE60S8YliyL9AgWsdWcyNiB95E2PMqHBEv67nNl1zLfg==}
    engines: {node: '>=18.0.0'}

  '@smithy/middleware-serde@4.0.3':
    resolution: {integrity: sha512-rfgDVrgLEVMmMn0BI8O+8OVr6vXzjV7HZj57l0QxslhzbvVfikZbVfBVthjLHqib4BW44QhcIgJpvebHlRaC9A==}
    engines: {node: '>=18.0.0'}

  '@smithy/middleware-stack@4.0.2':
    resolution: {integrity: sha512-eSPVcuJJGVYrFYu2hEq8g8WWdJav3sdrI4o2c6z/rjnYDd3xH9j9E7deZQCzFn4QvGPouLngH3dQ+QVTxv5bOQ==}
    engines: {node: '>=18.0.0'}

  '@smithy/node-config-provider@4.0.2':
    resolution: {integrity: sha512-WgCkILRZfJwJ4Da92a6t3ozN/zcvYyJGUTmfGbgS/FkCcoCjl7G4FJaCDN1ySdvLvemnQeo25FdkyMSTSwulsw==}
    engines: {node: '>=18.0.0'}

  '@smithy/node-http-handler@4.0.4':
    resolution: {integrity: sha512-/mdqabuAT3o/ihBGjL94PUbTSPSRJ0eeVTdgADzow0wRJ0rN4A27EOrtlK56MYiO1fDvlO3jVTCxQtQmK9dZ1g==}
    engines: {node: '>=18.0.0'}

  '@smithy/property-provider@4.0.2':
    resolution: {integrity: sha512-wNRoQC1uISOuNc2s4hkOYwYllmiyrvVXWMtq+TysNRVQaHm4yoafYQyjN/goYZS+QbYlPIbb/QRjaUZMuzwQ7A==}
    engines: {node: '>=18.0.0'}

  '@smithy/protocol-http@5.1.0':
    resolution: {integrity: sha512-KxAOL1nUNw2JTYrtviRRjEnykIDhxc84qMBzxvu1MUfQfHTuBlCG7PA6EdVwqpJjH7glw7FqQoFxUJSyBQgu7g==}
    engines: {node: '>=18.0.0'}

  '@smithy/querystring-builder@4.0.2':
    resolution: {integrity: sha512-NTOs0FwHw1vimmQM4ebh+wFQvOwkEf/kQL6bSM1Lock+Bv4I89B3hGYoUEPkmvYPkDKyp5UdXJYu+PoTQ3T31Q==}
    engines: {node: '>=18.0.0'}

  '@smithy/querystring-parser@4.0.2':
    resolution: {integrity: sha512-v6w8wnmZcVXjfVLjxw8qF7OwESD9wnpjp0Dqry/Pod0/5vcEA3qxCr+BhbOHlxS8O+29eLpT3aagxXGwIoEk7Q==}
    engines: {node: '>=18.0.0'}

  '@smithy/shared-ini-file-loader@4.0.2':
    resolution: {integrity: sha512-J9/gTWBGVuFZ01oVA6vdb4DAjf1XbDhK6sLsu3OS9qmLrS6KB5ygpeHiM3miIbj1qgSJ96GYszXFWv6ErJ8QEw==}
    engines: {node: '>=18.0.0'}

  '@smithy/signature-v4@5.1.0':
    resolution: {integrity: sha512-4t5WX60sL3zGJF/CtZsUQTs3UrZEDO2P7pEaElrekbLqkWPYkgqNW1oeiNYC6xXifBnT9dVBOnNQRvOE9riU9w==}
    engines: {node: '>=18.0.0'}

  '@smithy/smithy-client@4.2.2':
    resolution: {integrity: sha512-3AnHfsMdq9Wg7+3BeR1HuLWI9+DMA/SoHVpCWq6xSsa52ikNd6nlF/wFzdpHyGtVa+Aji6lMgvwOF4sGcVA7SA==}
    engines: {node: '>=18.0.0'}

  '@smithy/types@4.2.0':
    resolution: {integrity: sha512-7eMk09zQKCO+E/ivsjQv+fDlOupcFUCSC/L2YUPgwhvowVGWbPQHjEFcmjt7QQ4ra5lyowS92SV53Zc6XD4+fg==}
    engines: {node: '>=18.0.0'}

  '@smithy/url-parser@4.0.2':
    resolution: {integrity: sha512-Bm8n3j2ScqnT+kJaClSVCMeiSenK6jVAzZCNewsYWuZtnBehEz4r2qP0riZySZVfzB+03XZHJeqfmJDkeeSLiQ==}
    engines: {node: '>=18.0.0'}

  '@smithy/util-base64@4.0.0':
    resolution: {integrity: sha512-CvHfCmO2mchox9kjrtzoHkWHxjHZzaFojLc8quxXY7WAAMAg43nuxwv95tATVgQFNDwd4M9S1qFzj40Ul41Kmg==}
    engines: {node: '>=18.0.0'}

  '@smithy/util-body-length-browser@4.0.0':
    resolution: {integrity: sha512-sNi3DL0/k64/LO3A256M+m3CDdG6V7WKWHdAiBBMUN8S3hK3aMPhwnPik2A/a2ONN+9doY9UxaLfgqsIRg69QA==}
    engines: {node: '>=18.0.0'}

  '@smithy/util-buffer-from@4.0.0':
    resolution: {integrity: sha512-9TOQ7781sZvddgO8nxueKi3+yGvkY35kotA0Y6BWRajAv8jjmigQ1sBwz0UX47pQMYXJPahSKEKYFgt+rXdcug==}
    engines: {node: '>=18.0.0'}

  '@smithy/util-config-provider@4.0.0':
    resolution: {integrity: sha512-L1RBVzLyfE8OXH+1hsJ8p+acNUSirQnWQ6/EgpchV88G6zGBTDPdXiiExei6Z1wR2RxYvxY/XLw6AMNCCt8H3w==}
    engines: {node: '>=18.0.0'}

  '@smithy/util-hex-encoding@4.0.0':
    resolution: {integrity: sha512-Yk5mLhHtfIgW2W2WQZWSg5kuMZCVbvhFmC7rV4IO2QqnZdbEFPmQnCcGMAX2z/8Qj3B9hYYNjZOhWym+RwhePw==}
    engines: {node: '>=18.0.0'}

  '@smithy/util-middleware@4.0.2':
    resolution: {integrity: sha512-6GDamTGLuBQVAEuQ4yDQ+ti/YINf/MEmIegrEeg7DdB/sld8BX1lqt9RRuIcABOhAGTA50bRbPzErez7SlDtDQ==}
    engines: {node: '>=18.0.0'}

  '@smithy/util-stream@4.2.0':
    resolution: {integrity: sha512-Vj1TtwWnuWqdgQI6YTUF5hQ/0jmFiOYsc51CSMgj7QfyO+RF4EnT2HNjoviNlOOmgzgvf3f5yno+EiC4vrnaWQ==}
    engines: {node: '>=18.0.0'}

  '@smithy/util-uri-escape@4.0.0':
    resolution: {integrity: sha512-77yfbCbQMtgtTylO9itEAdpPXSog3ZxMe09AEhm0dU0NLTalV70ghDZFR+Nfi1C60jnJoh/Re4090/DuZh2Omg==}
    engines: {node: '>=18.0.0'}

  '@smithy/util-utf8@4.0.0':
    resolution: {integrity: sha512-b+zebfKCfRdgNJDknHCob3O7FpeYQN6ZG6YLExMcasDHsCXlsXCEuiPZeLnJLpwa5dvPetGlnGCiMHuLwGvFow==}
    engines: {node: '>=18.0.0'}

  '@types/aws-lambda@8.10.149':
    resolution: {integrity: sha512-NXSZIhfJjnXqJgtS7IwutqIF/SOy1Wz5Px4gUY1RWITp3AYTyuJS4xaXr/bIJY1v15XMzrJ5soGnPM+7uigZjA==}

  '@types/node@22.15.12':
    resolution: {integrity: sha512-K0fpC/ZVeb8G9rm7bH7vI0KAec4XHEhBam616nVJCV51bKzJ6oA3luG4WdKoaztxe70QaNjS/xBmcDLmr4PiGw==}

  aws-cdk-lib@2.194.0:
    resolution: {integrity: sha512-v12l31Rx/BDjXEyMsfSmDRsjZu0AzHMoRHDqbcSzDcvSYHjnEW/nuFR0R1+tat9nEX8h54GDctduL6pFcJ8xUg==}
    engines: {node: '>= 14.15.0'}
    peerDependencies:
      constructs: ^10.0.0
    bundledDependencies:
      - '@balena/dockerignore'
      - case
      - fs-extra
      - ignore
      - jsonschema
      - minimatch
      - punycode
      - semver
      - table
      - yaml
      - mime-types

  constructs@10.4.2:
    resolution: {integrity: sha512-wsNxBlAott2qg8Zv87q3eYZYgheb9lchtBfjHzzLHtXbttwSrHPs1NNQbBrmbb1YZvYg2+Vh0Dor76w4mFxJkA==}

  esbuild@0.25.4:
    resolution: {integrity: sha512-8pgjLUcUjcgDg+2Q4NYXnPbo/vncAY4UmyaCm0jZevERqCHZIaWwdJHkf8XQtu4AxSKCdvrUbT0XUr1IdZzI8Q==}
    engines: {node: '>=18'}
    hasBin: true

  fast-xml-parser@4.4.1:
    resolution: {integrity: sha512-xkjOecfnKGkSsOwtZ5Pz7Us/T6mrbPQrq0nh+aCO5V9nk5NLWmasAHumTKjiPJPWANe+kAZ84Jc8ooJkzZ88Sw==}
    hasBin: true

  fsevents@2.3.3:
    resolution: {integrity: sha512-5xoDfX+fL7faATnagmWPpbFtwh/R77WmMMqqHGS65C3vvB0YHrgF+B1YmZ3441tMj5n63k0212XNoJwzlhffQw==}
    engines: {node: ^8.16.0 || ^10.6.0 || >=11.0.0}
    os: [darwin]

  get-tsconfig@4.10.0:
    resolution: {integrity: sha512-kGzZ3LWWQcGIAmg6iWvXn0ei6WDtV26wzHRMwDSzmAbcXrTEXxHy6IehI6/4eT6VRKyMP1eF1VqwrVUmE/LR7A==}

  jose@6.0.11:
    resolution: {integrity: sha512-QxG7EaliDARm1O1S8BGakqncGT9s25bKL1WSf6/oa17Tkqwi8D2ZNglqCF+DsYF88/rV66Q/Q2mFAy697E1DUg==}

  resolve-pkg-maps@1.0.0:
    resolution: {integrity: sha512-seS2Tj26TBVOC2NIc2rOe2y2ZO7efxITtLZcGSOnHHNOQ7CkiUBfw0Iw2ck6xkIhPwLhKNLS8BO+hEpngQlqzw==}

  strnum@1.1.2:
    resolution: {integrity: sha512-vrN+B7DBIoTTZjnPNewwhx6cBA/H+IS7rfW68n7XxC1y7uoiGQBxaKzqucGUgavX15dJgiGztLJ8vxuEzwqBdA==}

  tslib@2.8.1:
    resolution: {integrity: sha512-oJFu94HQb+KVduSUQL7wnpmqnfmLsOA/nAh6b6EH0wCEoK0/mPeXU6c3wKDV83MkOuHPRHtSXKKU99IBazS/2w==}

  tsx@4.19.4:
    resolution: {integrity: sha512-gK5GVzDkJK1SI1zwHf32Mqxf2tSJkNx+eYcNly5+nHvWqXUJYUkWBQtKauoESz3ymezAI++ZwT855x5p5eop+Q==}
    engines: {node: '>=18.0.0'}
    hasBin: true

  undici-types@6.21.0:
    resolution: {integrity: sha512-iwDZqg0QAGrg9Rav5H4n0M64c3mkR59cJ6wQp+7C4nI0gsmExaedaYLNO44eT4AtBBwjbTiGPMlt2Md0T9H9JQ==}

snapshots:

  '@aws-cdk/asset-awscli-v1@2.2.235': {}

  '@aws-cdk/asset-node-proxy-agent-v6@2.1.0': {}

  '@aws-cdk/cloud-assembly-schema@41.2.0': {}

  '@aws-sdk/core@3.799.0':
    dependencies:
      '@aws-sdk/types': 3.775.0
      '@smithy/core': 3.3.1
      '@smithy/node-config-provider': 4.0.2
      '@smithy/property-provider': 4.0.2
      '@smithy/protocol-http': 5.1.0
      '@smithy/signature-v4': 5.1.0
      '@smithy/smithy-client': 4.2.2
      '@smithy/types': 4.2.0
      '@smithy/util-middleware': 4.0.2
      fast-xml-parser: 4.4.1
      tslib: 2.8.1

  '@aws-sdk/middleware-sdk-s3@3.799.0':
    dependencies:
      '@aws-sdk/core': 3.799.0
      '@aws-sdk/types': 3.775.0
      '@aws-sdk/util-arn-parser': 3.723.0
      '@smithy/core': 3.3.1
      '@smithy/node-config-provider': 4.0.2
      '@smithy/protocol-http': 5.1.0
      '@smithy/signature-v4': 5.1.0
      '@smithy/smithy-client': 4.2.2
      '@smithy/types': 4.2.0
      '@smithy/util-config-provider': 4.0.0
      '@smithy/util-middleware': 4.0.2
      '@smithy/util-stream': 4.2.0
      '@smithy/util-utf8': 4.0.0
      tslib: 2.8.1

  '@aws-sdk/s3-request-presigner@3.803.0':
    dependencies:
      '@aws-sdk/signature-v4-multi-region': 3.803.0
      '@aws-sdk/types': 3.775.0
      '@aws-sdk/util-format-url': 3.775.0
      '@smithy/middleware-endpoint': 4.1.2
      '@smithy/protocol-http': 5.1.0
      '@smithy/smithy-client': 4.2.2
      '@smithy/types': 4.2.0
      tslib: 2.8.1

  '@aws-sdk/signature-v4-multi-region@3.803.0':
    dependencies:
      '@aws-sdk/middleware-sdk-s3': 3.799.0
      '@aws-sdk/types': 3.775.0
      '@smithy/protocol-http': 5.1.0
      '@smithy/signature-v4': 5.1.0
      '@smithy/types': 4.2.0
      tslib: 2.8.1

  '@aws-sdk/types@3.775.0':
    dependencies:
      '@smithy/types': 4.2.0
      tslib: 2.8.1

  '@aws-sdk/util-arn-parser@3.723.0':
    dependencies:
      tslib: 2.8.1

  '@aws-sdk/util-format-url@3.775.0':
    dependencies:
      '@aws-sdk/types': 3.775.0
      '@smithy/querystring-builder': 4.0.2
      '@smithy/types': 4.2.0
      tslib: 2.8.1

  '@biomejs/biome@1.9.4':
    optionalDependencies:
      '@biomejs/cli-darwin-arm64': 1.9.4
      '@biomejs/cli-darwin-x64': 1.9.4
      '@biomejs/cli-linux-arm64': 1.9.4
      '@biomejs/cli-linux-arm64-musl': 1.9.4
      '@biomejs/cli-linux-x64': 1.9.4
      '@biomejs/cli-linux-x64-musl': 1.9.4
      '@biomejs/cli-win32-arm64': 1.9.4
      '@biomejs/cli-win32-x64': 1.9.4

  '@biomejs/cli-darwin-arm64@1.9.4':
    optional: true

  '@biomejs/cli-darwin-x64@1.9.4':
    optional: true

  '@biomejs/cli-linux-arm64-musl@1.9.4':
    optional: true

  '@biomejs/cli-linux-arm64@1.9.4':
    optional: true

  '@biomejs/cli-linux-x64-musl@1.9.4':
    optional: true

  '@biomejs/cli-linux-x64@1.9.4':
    optional: true

  '@biomejs/cli-win32-arm64@1.9.4':
    optional: true

  '@biomejs/cli-win32-x64@1.9.4':
    optional: true

  '@esbuild/aix-ppc64@0.25.4':
    optional: true

  '@esbuild/android-arm64@0.25.4':
    optional: true

  '@esbuild/android-arm@0.25.4':
    optional: true

  '@esbuild/android-x64@0.25.4':
    optional: true

  '@esbuild/darwin-arm64@0.25.4':
    optional: true

  '@esbuild/darwin-x64@0.25.4':
    optional: true

  '@esbuild/freebsd-arm64@0.25.4':
    optional: true

  '@esbuild/freebsd-x64@0.25.4':
    optional: true

  '@esbuild/linux-arm64@0.25.4':
    optional: true

  '@esbuild/linux-arm@0.25.4':
    optional: true

  '@esbuild/linux-ia32@0.25.4':
    optional: true

  '@esbuild/linux-loong64@0.25.4':
    optional: true

  '@esbuild/linux-mips64el@0.25.4':
    optional: true

  '@esbuild/linux-ppc64@0.25.4':
    optional: true

  '@esbuild/linux-riscv64@0.25.4':
    optional: true

  '@esbuild/linux-s390x@0.25.4':
    optional: true

  '@esbuild/linux-x64@0.25.4':
    optional: true

  '@esbuild/netbsd-arm64@0.25.4':
    optional: true

  '@esbuild/netbsd-x64@0.25.4':
    optional: true

  '@esbuild/openbsd-arm64@0.25.4':
    optional: true

  '@esbuild/openbsd-x64@0.25.4':
    optional: true

  '@esbuild/sunos-x64@0.25.4':
    optional: true

  '@esbuild/win32-arm64@0.25.4':
    optional: true

  '@esbuild/win32-ia32@0.25.4':
    optional: true

  '@esbuild/win32-x64@0.25.4':
    optional: true

  '@smithy/abort-controller@4.0.2':
    dependencies:
      '@smithy/types': 4.2.0
      tslib: 2.8.1

  '@smithy/core@3.3.1':
    dependencies:
      '@smithy/middleware-serde': 4.0.3
      '@smithy/protocol-http': 5.1.0
      '@smithy/types': 4.2.0
      '@smithy/util-body-length-browser': 4.0.0
      '@smithy/util-middleware': 4.0.2
      '@smithy/util-stream': 4.2.0
      '@smithy/util-utf8': 4.0.0
      tslib: 2.8.1

  '@smithy/fetch-http-handler@5.0.2':
    dependencies:
      '@smithy/protocol-http': 5.1.0
      '@smithy/querystring-builder': 4.0.2
      '@smithy/types': 4.2.0
      '@smithy/util-base64': 4.0.0
      tslib: 2.8.1

  '@smithy/hash-node@4.0.2':
    dependencies:
      '@smithy/types': 4.2.0
      '@smithy/util-buffer-from': 4.0.0
      '@smithy/util-utf8': 4.0.0
      tslib: 2.8.1

  '@smithy/is-array-buffer@4.0.0':
    dependencies:
      tslib: 2.8.1

  '@smithy/middleware-endpoint@4.1.2':
    dependencies:
      '@smithy/core': 3.3.1
      '@smithy/middleware-serde': 4.0.3
      '@smithy/node-config-provider': 4.0.2
      '@smithy/shared-ini-file-loader': 4.0.2
      '@smithy/types': 4.2.0
      '@smithy/url-parser': 4.0.2
      '@smithy/util-middleware': 4.0.2
      tslib: 2.8.1

  '@smithy/middleware-serde@4.0.3':
    dependencies:
      '@smithy/types': 4.2.0
      tslib: 2.8.1

  '@smithy/middleware-stack@4.0.2':
    dependencies:
      '@smithy/types': 4.2.0
      tslib: 2.8.1

  '@smithy/node-config-provider@4.0.2':
    dependencies:
      '@smithy/property-provider': 4.0.2
      '@smithy/shared-ini-file-loader': 4.0.2
      '@smithy/types': 4.2.0
      tslib: 2.8.1

  '@smithy/node-http-handler@4.0.4':
    dependencies:
      '@smithy/abort-controller': 4.0.2
      '@smithy/protocol-http': 5.1.0
      '@smithy/querystring-builder': 4.0.2
      '@smithy/types': 4.2.0
      tslib: 2.8.1

  '@smithy/property-provider@4.0.2':
    dependencies:
      '@smithy/types': 4.2.0
      tslib: 2.8.1

  '@smithy/protocol-http@5.1.0':
    dependencies:
      '@smithy/types': 4.2.0
      tslib: 2.8.1

  '@smithy/querystring-builder@4.0.2':
    dependencies:
      '@smithy/types': 4.2.0
      '@smithy/util-uri-escape': 4.0.0
      tslib: 2.8.1

  '@smithy/querystring-parser@4.0.2':
    dependencies:
      '@smithy/types': 4.2.0
      tslib: 2.8.1

  '@smithy/shared-ini-file-loader@4.0.2':
    dependencies:
      '@smithy/types': 4.2.0
      tslib: 2.8.1

  '@smithy/signature-v4@5.1.0':
    dependencies:
      '@smithy/is-array-buffer': 4.0.0
      '@smithy/protocol-http': 5.1.0
      '@smithy/types': 4.2.0
      '@smithy/util-hex-encoding': 4.0.0
      '@smithy/util-middleware': 4.0.2
      '@smithy/util-uri-escape': 4.0.0
      '@smithy/util-utf8': 4.0.0
      tslib: 2.8.1

  '@smithy/smithy-client@4.2.2':
    dependencies:
      '@smithy/core': 3.3.1
      '@smithy/middleware-endpoint': 4.1.2
      '@smithy/middleware-stack': 4.0.2
      '@smithy/protocol-http': 5.1.0
      '@smithy/types': 4.2.0
      '@smithy/util-stream': 4.2.0
      tslib: 2.8.1

  '@smithy/types@4.2.0':
    dependencies:
      tslib: 2.8.1

  '@smithy/url-parser@4.0.2':
    dependencies:
      '@smithy/querystring-parser': 4.0.2
      '@smithy/types': 4.2.0
      tslib: 2.8.1

  '@smithy/util-base64@4.0.0':
    dependencies:
      '@smithy/util-buffer-from': 4.0.0
      '@smithy/util-utf8': 4.0.0
      tslib: 2.8.1

  '@smithy/util-body-length-browser@4.0.0':
    dependencies:
      tslib: 2.8.1

  '@smithy/util-buffer-from@4.0.0':
    dependencies:
      '@smithy/is-array-buffer': 4.0.0
      tslib: 2.8.1

  '@smithy/util-config-provider@4.0.0':
    dependencies:
      tslib: 2.8.1

  '@smithy/util-hex-encoding@4.0.0':
    dependencies:
      tslib: 2.8.1

  '@smithy/util-middleware@4.0.2':
    dependencies:
      '@smithy/types': 4.2.0
      tslib: 2.8.1

  '@smithy/util-stream@4.2.0':
    dependencies:
      '@smithy/fetch-http-handler': 5.0.2
      '@smithy/node-http-handler': 4.0.4
      '@smithy/types': 4.2.0
      '@smithy/util-base64': 4.0.0
      '@smithy/util-buffer-from': 4.0.0
      '@smithy/util-hex-encoding': 4.0.0
      '@smithy/util-utf8': 4.0.0
      tslib: 2.8.1

  '@smithy/util-uri-escape@4.0.0':
    dependencies:
      tslib: 2.8.1

  '@smithy/util-utf8@4.0.0':
    dependencies:
      '@smithy/util-buffer-from': 4.0.0
      tslib: 2.8.1

  '@types/aws-lambda@8.10.149': {}

  '@types/node@22.15.12':
    dependencies:
      undici-types: 6.21.0

  aws-cdk-lib@2.194.0(constructs@10.4.2):
    dependencies:
      '@aws-cdk/asset-awscli-v1': 2.2.235
      '@aws-cdk/asset-node-proxy-agent-v6': 2.1.0
      '@aws-cdk/cloud-assembly-schema': 41.2.0
      constructs: 10.4.2

  constructs@10.4.2: {}

  esbuild@0.25.4:
    optionalDependencies:
      '@esbuild/aix-ppc64': 0.25.4
      '@esbuild/android-arm': 0.25.4
      '@esbuild/android-arm64': 0.25.4
      '@esbuild/android-x64': 0.25.4
      '@esbuild/darwin-arm64': 0.25.4
      '@esbuild/darwin-x64': 0.25.4
      '@esbuild/freebsd-arm64': 0.25.4
      '@esbuild/freebsd-x64': 0.25.4
      '@esbuild/linux-arm': 0.25.4
      '@esbuild/linux-arm64': 0.25.4
      '@esbuild/linux-ia32': 0.25.4
      '@esbuild/linux-loong64': 0.25.4
      '@esbuild/linux-mips64el': 0.25.4
      '@esbuild/linux-ppc64': 0.25.4
      '@esbuild/linux-riscv64': 0.25.4
      '@esbuild/linux-s390x': 0.25.4
      '@esbuild/linux-x64': 0.25.4
      '@esbuild/netbsd-arm64': 0.25.4
      '@esbuild/netbsd-x64': 0.25.4
      '@esbuild/openbsd-arm64': 0.25.4
      '@esbuild/openbsd-x64': 0.25.4
      '@esbuild/sunos-x64': 0.25.4
      '@esbuild/win32-arm64': 0.25.4
      '@esbuild/win32-ia32': 0.25.4
      '@esbuild/win32-x64': 0.25.4

  fast-xml-parser@4.4.1:
    dependencies:
      strnum: 1.1.2

  fsevents@2.3.3:
    optional: true

  get-tsconfig@4.10.0:
    dependencies:
      resolve-pkg-maps: 1.0.0

  jose@6.0.11: {}

  resolve-pkg-maps@1.0.0: {}

  strnum@1.1.2: {}

  tslib@2.8.1: {}

  tsx@4.19.4:
    dependencies:
      esbuild: 0.25.4
      get-tsconfig: 4.10.0
    optionalDependencies:
      fsevents: 2.3.3

  undici-types@6.21.0: {}
